// !$*UTF8*$!
{
	archiveVersion = 1;
	classes = {
	};
	objectVersion = 56;
	objects = {

/* Begin PBXBuildFile section */
		8C5283522B4E950400166F65 /* GFEmptyState.swift in Sources */ = {isa = PBXBuildFile; fileRef = 8C5283512B4E950400166F65 /* GFEmptyState.swift */; };
		8C5ED7F72B4D6F89004D72C4 /* UIHelper.swift in Sources */ = {isa = PBXBuildFile; fileRef = 8C5ED7F62B4D6F89004D72C4 /* UIHelper.swift */; };
		8CA669A42B4FF1FC0007B0EC /* UserInfoViewController.swift in Sources */ = {isa = PBXBuildFile; fileRef = 8CA669A32B4FF1FC0007B0EC /* UserInfoViewController.swift */; };
		8CA669A62B510DF90007B0EC /* GFUserInfoHeaderViewController.swift in Sources */ = {isa = PBXBuildFile; fileRef = 8CA669A52B510DF90007B0EC /* GFUserInfoHeaderViewController.swift */; };
		8CA669A82B510F690007B0EC /* GFSecondaryTitleLabel.swift in Sources */ = {isa = PBXBuildFile; fileRef = 8CA669A72B510F690007B0EC /* GFSecondaryTitleLabel.swift */; };
		8CC526172B4BF13D00D9CC43 /* ErrorMessage.swift in Sources */ = {isa = PBXBuildFile; fileRef = 8CC526162B4BF13C00D9CC43 /* ErrorMessage.swift */; };
		8CC5261A2B4C03EF00D9CC43 /* FollowerCollectionViewCell.swift in Sources */ = {isa = PBXBuildFile; fileRef = 8CC526192B4C03EF00D9CC43 /* FollowerCollectionViewCell.swift */; };
		8CC5261C2B4C04A500D9CC43 /* GFAvatarImageView.swift in Sources */ = {isa = PBXBuildFile; fileRef = 8CC5261B2B4C04A500D9CC43 /* GFAvatarImageView.swift */; };
		8CD7A2FE2B456FF200233CCC /* AppDelegate.swift in Sources */ = {isa = PBXBuildFile; fileRef = 8CD7A2FD2B456FF200233CCC /* AppDelegate.swift */; };
		8CD7A3002B456FF200233CCC /* SceneDelegate.swift in Sources */ = {isa = PBXBuildFile; fileRef = 8CD7A2FF2B456FF200233CCC /* SceneDelegate.swift */; };
		8CD7A3022B456FF200233CCC /* FollowersListViewController.swift in Sources */ = {isa = PBXBuildFile; fileRef = 8CD7A3012B456FF200233CCC /* FollowersListViewController.swift */; };
		8CD7A3072B456FF400233CCC /* Assets.xcassets in Resources */ = {isa = PBXBuildFile; fileRef = 8CD7A3062B456FF400233CCC /* Assets.xcassets */; };
		8CD7A30A2B456FF400233CCC /* LaunchScreen.storyboard in Resources */ = {isa = PBXBuildFile; fileRef = 8CD7A3082B456FF400233CCC /* LaunchScreen.storyboard */; };
		8CD7A3122B48148700233CCC /* SearchViewController.swift in Sources */ = {isa = PBXBuildFile; fileRef = 8CD7A3112B48148700233CCC /* SearchViewController.swift */; };
		8CD7A3142B4814C700233CCC /* FavoritesListViewController.swift in Sources */ = {isa = PBXBuildFile; fileRef = 8CD7A3132B4814C600233CCC /* FavoritesListViewController.swift */; };
		8CD7A3182B48276A00233CCC /* MainTabBarViewController.swift in Sources */ = {isa = PBXBuildFile; fileRef = 8CD7A3172B48276A00233CCC /* MainTabBarViewController.swift */; };
		8CD7A31A2B482C1400233CCC /* GFButton.swift in Sources */ = {isa = PBXBuildFile; fileRef = 8CD7A3192B482C1400233CCC /* GFButton.swift */; };
		8CD7A31C2B48335000233CCC /* GFTextField.swift in Sources */ = {isa = PBXBuildFile; fileRef = 8CD7A31B2B48335000233CCC /* GFTextField.swift */; };
		8CD7A31E2B4951D400233CCC /* GFTitleLabel.swift in Sources */ = {isa = PBXBuildFile; fileRef = 8CD7A31D2B4951D400233CCC /* GFTitleLabel.swift */; };
		8CD7A3202B4A652900233CCC /* GFBodyLabel.swift in Sources */ = {isa = PBXBuildFile; fileRef = 8CD7A31F2B4A652900233CCC /* GFBodyLabel.swift */; };
		8CD7A3222B4A668000233CCC /* GFAlertViewController.swift in Sources */ = {isa = PBXBuildFile; fileRef = 8CD7A3212B4A668000233CCC /* GFAlertViewController.swift */; };
		8CD7A3242B4A69C800233CCC /* GFContainerView.swift in Sources */ = {isa = PBXBuildFile; fileRef = 8CD7A3232B4A69C800233CCC /* GFContainerView.swift */; };
		8CD7A3262B4A774300233CCC /* UIViewController+Ext.swift in Sources */ = {isa = PBXBuildFile; fileRef = 8CD7A3252B4A774300233CCC /* UIViewController+Ext.swift */; };
		8CD7A32D2B4A8C9F00233CCC /* Follower.swift in Sources */ = {isa = PBXBuildFile; fileRef = 8CD7A32C2B4A8C9F00233CCC /* Follower.swift */; };
		8CD7A32F2B4A8D7600233CCC /* User.swift in Sources */ = {isa = PBXBuildFile; fileRef = 8CD7A32E2B4A8D7600233CCC /* User.swift */; };
		8CD7A3322B4A992500233CCC /* NetworkManager.swift in Sources */ = {isa = PBXBuildFile; fileRef = 8CD7A3312B4A992500233CCC /* NetworkManager.swift */; };
/* End PBXBuildFile section */

/* Begin PBXFileReference section */
		8C5283512B4E950400166F65 /* GFEmptyState.swift */ = {isa = PBXFileReference; lastKnownFileType = sourcecode.swift; path = GFEmptyState.swift; sourceTree = "<group>"; };
		8C5ED7F62B4D6F89004D72C4 /* UIHelper.swift */ = {isa = PBXFileReference; lastKnownFileType = sourcecode.swift; path = UIHelper.swift; sourceTree = "<group>"; };
		8CA669A32B4FF1FC0007B0EC /* UserInfoViewController.swift */ = {isa = PBXFileReference; lastKnownFileType = sourcecode.swift; path = UserInfoViewController.swift; sourceTree = "<group>"; };
		8CA669A52B510DF90007B0EC /* GFUserInfoHeaderViewController.swift */ = {isa = PBXFileReference; lastKnownFileType = sourcecode.swift; path = GFUserInfoHeaderViewController.swift; sourceTree = "<group>"; };
		8CA669A72B510F690007B0EC /* GFSecondaryTitleLabel.swift */ = {isa = PBXFileReference; lastKnownFileType = sourcecode.swift; path = GFSecondaryTitleLabel.swift; sourceTree = "<group>"; };
		8CC526162B4BF13C00D9CC43 /* ErrorMessage.swift */ = {isa = PBXFileReference; lastKnownFileType = sourcecode.swift; path = ErrorMessage.swift; sourceTree = "<group>"; };
		8CC526192B4C03EF00D9CC43 /* FollowerCollectionViewCell.swift */ = {isa = PBXFileReference; lastKnownFileType = sourcecode.swift; path = FollowerCollectionViewCell.swift; sourceTree = "<group>"; };
		8CC5261B2B4C04A500D9CC43 /* GFAvatarImageView.swift */ = {isa = PBXFileReference; lastKnownFileType = sourcecode.swift; path = GFAvatarImageView.swift; sourceTree = "<group>"; };
		8CD7A2FA2B456FF200233CCC /* GithubFollowers.app */ = {isa = PBXFileReference; explicitFileType = wrapper.application; includeInIndex = 0; path = GithubFollowers.app; sourceTree = BUILT_PRODUCTS_DIR; };
		8CD7A2FD2B456FF200233CCC /* AppDelegate.swift */ = {isa = PBXFileReference; lastKnownFileType = sourcecode.swift; path = AppDelegate.swift; sourceTree = "<group>"; };
		8CD7A2FF2B456FF200233CCC /* SceneDelegate.swift */ = {isa = PBXFileReference; lastKnownFileType = sourcecode.swift; path = SceneDelegate.swift; sourceTree = "<group>"; };
		8CD7A3012B456FF200233CCC /* FollowersListViewController.swift */ = {isa = PBXFileReference; lastKnownFileType = sourcecode.swift; path = FollowersListViewController.swift; sourceTree = "<group>"; };
		8CD7A3062B456FF400233CCC /* Assets.xcassets */ = {isa = PBXFileReference; lastKnownFileType = folder.assetcatalog; path = Assets.xcassets; sourceTree = "<group>"; };
		8CD7A3092B456FF400233CCC /* Base */ = {isa = PBXFileReference; lastKnownFileType = file.storyboard; name = Base; path = Base.lproj/LaunchScreen.storyboard; sourceTree = "<group>"; };
		8CD7A30B2B456FF400233CCC /* Info.plist */ = {isa = PBXFileReference; lastKnownFileType = text.plist.xml; path = Info.plist; sourceTree = "<group>"; };
		8CD7A3112B48148700233CCC /* SearchViewController.swift */ = {isa = PBXFileReference; lastKnownFileType = sourcecode.swift; path = SearchViewController.swift; sourceTree = "<group>"; };
		8CD7A3132B4814C600233CCC /* FavoritesListViewController.swift */ = {isa = PBXFileReference; lastKnownFileType = sourcecode.swift; path = FavoritesListViewController.swift; sourceTree = "<group>"; };
		8CD7A3172B48276A00233CCC /* MainTabBarViewController.swift */ = {isa = PBXFileReference; lastKnownFileType = sourcecode.swift; path = MainTabBarViewController.swift; sourceTree = "<group>"; };
		8CD7A3192B482C1400233CCC /* GFButton.swift */ = {isa = PBXFileReference; lastKnownFileType = sourcecode.swift; path = GFButton.swift; sourceTree = "<group>"; };
		8CD7A31B2B48335000233CCC /* GFTextField.swift */ = {isa = PBXFileReference; lastKnownFileType = sourcecode.swift; path = GFTextField.swift; sourceTree = "<group>"; };
		8CD7A31D2B4951D400233CCC /* GFTitleLabel.swift */ = {isa = PBXFileReference; lastKnownFileType = sourcecode.swift; path = GFTitleLabel.swift; sourceTree = "<group>"; };
		8CD7A31F2B4A652900233CCC /* GFBodyLabel.swift */ = {isa = PBXFileReference; lastKnownFileType = sourcecode.swift; path = GFBodyLabel.swift; sourceTree = "<group>"; };
		8CD7A3212B4A668000233CCC /* GFAlertViewController.swift */ = {isa = PBXFileReference; lastKnownFileType = sourcecode.swift; path = GFAlertViewController.swift; sourceTree = "<group>"; };
		8CD7A3232B4A69C800233CCC /* GFContainerView.swift */ = {isa = PBXFileReference; lastKnownFileType = sourcecode.swift; path = GFContainerView.swift; sourceTree = "<group>"; };
		8CD7A3252B4A774300233CCC /* UIViewController+Ext.swift */ = {isa = PBXFileReference; lastKnownFileType = sourcecode.swift; path = "UIViewController+Ext.swift"; sourceTree = "<group>"; };
		8CD7A32C2B4A8C9F00233CCC /* Follower.swift */ = {isa = PBXFileReference; lastKnownFileType = sourcecode.swift; path = Follower.swift; sourceTree = "<group>"; };
		8CD7A32E2B4A8D7600233CCC /* User.swift */ = {isa = PBXFileReference; lastKnownFileType = sourcecode.swift; path = User.swift; sourceTree = "<group>"; };
		8CD7A3312B4A992500233CCC /* NetworkManager.swift */ = {isa = PBXFileReference; lastKnownFileType = sourcecode.swift; path = NetworkManager.swift; sourceTree = "<group>"; };
/* End PBXFileReference section */

/* Begin PBXFrameworksBuildPhase section */
		8CD7A2F72B456FF200233CCC /* Frameworks */ = {
			isa = PBXFrameworksBuildPhase;
			buildActionMask = 2147483647;
			files = (
			);
			runOnlyForDeploymentPostprocessing = 0;
		};
/* End PBXFrameworksBuildPhase section */

/* Begin PBXGroup section */
		8C52834B2B4E941D00166F65 /* Views */ = {
			isa = PBXGroup;
			children = (
				8CD7A3232B4A69C800233CCC /* GFContainerView.swift */,
				8C5283512B4E950400166F65 /* GFEmptyState.swift */,
			);
			path = Views;
			sourceTree = "<group>";
		};
		8C52834C2B4E942500166F65 /* Buttons */ = {
			isa = PBXGroup;
			children = (
				8CD7A3192B482C1400233CCC /* GFButton.swift */,
			);
			path = Buttons;
			sourceTree = "<group>";
		};
		8C52834D2B4E942D00166F65 /* TextFields */ = {
			isa = PBXGroup;
			children = (
				8CD7A31B2B48335000233CCC /* GFTextField.swift */,
			);
			path = TextFields;
			sourceTree = "<group>";
		};
		8C52834E2B4E943600166F65 /* ImageViews */ = {
			isa = PBXGroup;
			children = (
				8CC5261B2B4C04A500D9CC43 /* GFAvatarImageView.swift */,
			);
			path = ImageViews;
			sourceTree = "<group>";
		};
		8C52834F2B4E944300166F65 /* ViewControllers */ = {
			isa = PBXGroup;
			children = (
				8CD7A3212B4A668000233CCC /* GFAlertViewController.swift */,
				8CA669A52B510DF90007B0EC /* GFUserInfoHeaderViewController.swift */,
			);
			path = ViewControllers;
			sourceTree = "<group>";
		};
		8C5283502B4E948E00166F65 /* Labels */ = {
			isa = PBXGroup;
			children = (
				8CD7A31D2B4951D400233CCC /* GFTitleLabel.swift */,
				8CA669A72B510F690007B0EC /* GFSecondaryTitleLabel.swift */,
				8CD7A31F2B4A652900233CCC /* GFBodyLabel.swift */,
			);
			path = Labels;
			sourceTree = "<group>";
		};
		8CC526152B4BF12C00D9CC43 /* Utilities */ = {
			isa = PBXGroup;
			children = (
				8CC526162B4BF13C00D9CC43 /* ErrorMessage.swift */,
				8C5ED7F62B4D6F89004D72C4 /* UIHelper.swift */,
			);
			path = Utilities;
			sourceTree = "<group>";
		};
		8CC526182B4C00FC00D9CC43 /* Cells */ = {
			isa = PBXGroup;
			children = (
				8CC526192B4C03EF00D9CC43 /* FollowerCollectionViewCell.swift */,
			);
			path = Cells;
			sourceTree = "<group>";
		};
		8CD7A2F12B456FF200233CCC = {
			isa = PBXGroup;
			children = (
				8CD7A2FC2B456FF200233CCC /* GithubFollowers */,
				8CD7A2FB2B456FF200233CCC /* Products */,
			);
			sourceTree = "<group>";
		};
		8CD7A2FB2B456FF200233CCC /* Products */ = {
			isa = PBXGroup;
			children = (
				8CD7A2FA2B456FF200233CCC /* GithubFollowers.app */,
			);
			name = Products;
			sourceTree = "<group>";
		};
		8CD7A2FC2B456FF200233CCC /* GithubFollowers */ = {
			isa = PBXGroup;
			children = (
				8CC526152B4BF12C00D9CC43 /* Utilities */,
				8CD7A3302B4A974700233CCC /* Managers */,
				8CD7A32B2B4A8C9000233CCC /* Model */,
				8CD7A3292B4A7FB200233CCC /* Extensions */,
				8CD7A3272B4A7F4200233CCC /* Screens */,
				8CD7A3282B4A7F7C00233CCC /* Custom Views */,
				8CD7A32A2B4A815600233CCC /* Support */,
				8CD7A30B2B456FF400233CCC /* Info.plist */,
			);
			path = GithubFollowers;
			sourceTree = "<group>";
		};
		8CD7A3272B4A7F4200233CCC /* Screens */ = {
			isa = PBXGroup;
			children = (
				8CD7A3112B48148700233CCC /* SearchViewController.swift */,
				8CD7A3172B48276A00233CCC /* MainTabBarViewController.swift */,
				8CD7A3132B4814C600233CCC /* FavoritesListViewController.swift */,
				8CD7A3012B456FF200233CCC /* FollowersListViewController.swift */,
				8CA669A32B4FF1FC0007B0EC /* UserInfoViewController.swift */,
			);
			path = Screens;
			sourceTree = "<group>";
		};
		8CD7A3282B4A7F7C00233CCC /* Custom Views */ = {
			isa = PBXGroup;
			children = (
				8C5283502B4E948E00166F65 /* Labels */,
				8C52834F2B4E944300166F65 /* ViewControllers */,
				8C52834E2B4E943600166F65 /* ImageViews */,
				8C52834D2B4E942D00166F65 /* TextFields */,
				8C52834C2B4E942500166F65 /* Buttons */,
				8C52834B2B4E941D00166F65 /* Views */,
				8CC526182B4C00FC00D9CC43 /* Cells */,
			);
			path = "Custom Views";
			sourceTree = "<group>";
		};
		8CD7A3292B4A7FB200233CCC /* Extensions */ = {
			isa = PBXGroup;
			children = (
				8CD7A3252B4A774300233CCC /* UIViewController+Ext.swift */,
			);
			path = Extensions;
			sourceTree = "<group>";
		};
		8CD7A32A2B4A815600233CCC /* Support */ = {
			isa = PBXGroup;
			children = (
				8CD7A2FD2B456FF200233CCC /* AppDelegate.swift */,
				8CD7A2FF2B456FF200233CCC /* SceneDelegate.swift */,
				8CD7A3062B456FF400233CCC /* Assets.xcassets */,
				8CD7A3082B456FF400233CCC /* LaunchScreen.storyboard */,
			);
			path = Support;
			sourceTree = "<group>";
		};
		8CD7A32B2B4A8C9000233CCC /* Model */ = {
			isa = PBXGroup;
			children = (
				8CD7A32C2B4A8C9F00233CCC /* Follower.swift */,
				8CD7A32E2B4A8D7600233CCC /* User.swift */,
			);
			path = Model;
			sourceTree = "<group>";
		};
		8CD7A3302B4A974700233CCC /* Managers */ = {
			isa = PBXGroup;
			children = (
				8CD7A3312B4A992500233CCC /* NetworkManager.swift */,
			);
			path = Managers;
			sourceTree = "<group>";
		};
/* End PBXGroup section */

/* Begin PBXNativeTarget section */
		8CD7A2F92B456FF200233CCC /* GithubFollowers */ = {
			isa = PBXNativeTarget;
			buildConfigurationList = 8CD7A30E2B456FF400233CCC /* Build configuration list for PBXNativeTarget "GithubFollowers" */;
			buildPhases = (
				8CD7A2F62B456FF200233CCC /* Sources */,
				8CD7A2F72B456FF200233CCC /* Frameworks */,
				8CD7A2F82B456FF200233CCC /* Resources */,
			);
			buildRules = (
			);
			dependencies = (
			);
			name = GithubFollowers;
			productName = GithubFollowers;
			productReference = 8CD7A2FA2B456FF200233CCC /* GithubFollowers.app */;
			productType = "com.apple.product-type.application";
		};
/* End PBXNativeTarget section */

/* Begin PBXProject section */
		8CD7A2F22B456FF200233CCC /* Project object */ = {
			isa = PBXProject;
			attributes = {
				BuildIndependentTargetsInParallel = 1;
				LastSwiftUpdateCheck = 1500;
				LastUpgradeCheck = 1500;
				TargetAttributes = {
					8CD7A2F92B456FF200233CCC = {
						CreatedOnToolsVersion = 15.0.1;
					};
				};
			};
			buildConfigurationList = 8CD7A2F52B456FF200233CCC /* Build configuration list for PBXProject "GithubFollowers" */;
			compatibilityVersion = "Xcode 14.0";
			developmentRegion = en;
			hasScannedForEncodings = 0;
			knownRegions = (
				en,
				Base,
			);
			mainGroup = 8CD7A2F12B456FF200233CCC;
			productRefGroup = 8CD7A2FB2B456FF200233CCC /* Products */;
			projectDirPath = "";
			projectRoot = "";
			targets = (
				8CD7A2F92B456FF200233CCC /* GithubFollowers */,
			);
		};
/* End PBXProject section */

/* Begin PBXResourcesBuildPhase section */
		8CD7A2F82B456FF200233CCC /* Resources */ = {
			isa = PBXResourcesBuildPhase;
			buildActionMask = 2147483647;
			files = (
				8CD7A30A2B456FF400233CCC /* LaunchScreen.storyboard in Resources */,
				8CD7A3072B456FF400233CCC /* Assets.xcassets in Resources */,
			);
			runOnlyForDeploymentPostprocessing = 0;
		};
/* End PBXResourcesBuildPhase section */

/* Begin PBXSourcesBuildPhase section */
		8CD7A2F62B456FF200233CCC /* Sources */ = {
			isa = PBXSourcesBuildPhase;
			buildActionMask = 2147483647;
			files = (
				8CD7A3142B4814C700233CCC /* FavoritesListViewController.swift in Sources */,
				8CC526172B4BF13D00D9CC43 /* ErrorMessage.swift in Sources */,
				8CC5261C2B4C04A500D9CC43 /* GFAvatarImageView.swift in Sources */,
				8C5283522B4E950400166F65 /* GFEmptyState.swift in Sources */,
				8C5ED7F72B4D6F89004D72C4 /* UIHelper.swift in Sources */,
				8CA669A42B4FF1FC0007B0EC /* UserInfoViewController.swift in Sources */,
				8CD7A32D2B4A8C9F00233CCC /* Follower.swift in Sources */,
				8CD7A3262B4A774300233CCC /* UIViewController+Ext.swift in Sources */,
				8CD7A3022B456FF200233CCC /* FollowersListViewController.swift in Sources */,
				8CD7A3322B4A992500233CCC /* NetworkManager.swift in Sources */,
				8CC5261A2B4C03EF00D9CC43 /* FollowerCollectionViewCell.swift in Sources */,
				8CD7A31C2B48335000233CCC /* GFTextField.swift in Sources */,
				8CD7A2FE2B456FF200233CCC /* AppDelegate.swift in Sources */,
				8CA669A82B510F690007B0EC /* GFSecondaryTitleLabel.swift in Sources */,
				8CD7A31A2B482C1400233CCC /* GFButton.swift in Sources */,
				8CD7A3222B4A668000233CCC /* GFAlertViewController.swift in Sources */,
				8CD7A32F2B4A8D7600233CCC /* User.swift in Sources */,
				8CD7A3182B48276A00233CCC /* MainTabBarViewController.swift in Sources */,
				8CD7A31E2B4951D400233CCC /* GFTitleLabel.swift in Sources */,
				8CD7A3122B48148700233CCC /* SearchViewController.swift in Sources */,
				8CD7A3002B456FF200233CCC /* SceneDelegate.swift in Sources */,
				8CD7A3202B4A652900233CCC /* GFBodyLabel.swift in Sources */,
				8CD7A3242B4A69C800233CCC /* GFContainerView.swift in Sources */,
				8CA669A62B510DF90007B0EC /* GFUserInfoHeaderViewController.swift in Sources */,
			);
			runOnlyForDeploymentPostprocessing = 0;
		};
/* End PBXSourcesBuildPhase section */

/* Begin PBXVariantGroup section */
		8CD7A3082B456FF400233CCC /* LaunchScreen.storyboard */ = {
			isa = PBXVariantGroup;
			children = (
				8CD7A3092B456FF400233CCC /* Base */,
			);
			name = LaunchScreen.storyboard;
			sourceTree = "<group>";
		};
/* End PBXVariantGroup section */

/* Begin XCBuildConfiguration section */
		8CD7A30C2B456FF400233CCC /* Debug */ = {
			isa = XCBuildConfiguration;
			buildSettings = {
				ALWAYS_SEARCH_USER_PATHS = NO;
				ASSETCATALOG_COMPILER_GENERATE_SWIFT_ASSET_SYMBOL_EXTENSIONS = YES;
				CLANG_ANALYZER_NONNULL = YES;
				CLANG_ANALYZER_NUMBER_OBJECT_CONVERSION = YES_AGGRESSIVE;
				CLANG_CXX_LANGUAGE_STANDARD = "gnu++20";
				CLANG_ENABLE_MODULES = YES;
				CLANG_ENABLE_OBJC_ARC = YES;
				CLANG_ENABLE_OBJC_WEAK = YES;
				CLANG_WARN_BLOCK_CAPTURE_AUTORELEASING = YES;
				CLANG_WARN_BOOL_CONVERSION = YES;
				CLANG_WARN_COMMA = YES;
				CLANG_WARN_CONSTANT_CONVERSION = YES;
				CLANG_WARN_DEPRECATED_OBJC_IMPLEMENTATIONS = YES;
				CLANG_WARN_DIRECT_OBJC_ISA_USAGE = YES_ERROR;
				CLANG_WARN_DOCUMENTATION_COMMENTS = YES;
				CLANG_WARN_EMPTY_BODY = YES;
				CLANG_WARN_ENUM_CONVERSION = YES;
				CLANG_WARN_INFINITE_RECURSION = YES;
				CLANG_WARN_INT_CONVERSION = YES;
				CLANG_WARN_NON_LITERAL_NULL_CONVERSION = YES;
				CLANG_WARN_OBJC_IMPLICIT_RETAIN_SELF = YES;
				CLANG_WARN_OBJC_LITERAL_CONVERSION = YES;
				CLANG_WARN_OBJC_ROOT_CLASS = YES_ERROR;
				CLANG_WARN_QUOTED_INCLUDE_IN_FRAMEWORK_HEADER = YES;
				CLANG_WARN_RANGE_LOOP_ANALYSIS = YES;
				CLANG_WARN_STRICT_PROTOTYPES = YES;
				CLANG_WARN_SUSPICIOUS_MOVE = YES;
				CLANG_WARN_UNGUARDED_AVAILABILITY = YES_AGGRESSIVE;
				CLANG_WARN_UNREACHABLE_CODE = YES;
				CLANG_WARN__DUPLICATE_METHOD_MATCH = YES;
				COPY_PHASE_STRIP = NO;
				DEBUG_INFORMATION_FORMAT = dwarf;
				ENABLE_STRICT_OBJC_MSGSEND = YES;
				ENABLE_TESTABILITY = YES;
				ENABLE_USER_SCRIPT_SANDBOXING = YES;
				GCC_C_LANGUAGE_STANDARD = gnu17;
				GCC_DYNAMIC_NO_PIC = NO;
				GCC_NO_COMMON_BLOCKS = YES;
				GCC_OPTIMIZATION_LEVEL = 0;
				GCC_PREPROCESSOR_DEFINITIONS = (
					"DEBUG=1",
					"$(inherited)",
				);
				GCC_WARN_64_TO_32_BIT_CONVERSION = YES;
				GCC_WARN_ABOUT_RETURN_TYPE = YES_ERROR;
				GCC_WARN_UNDECLARED_SELECTOR = YES;
				GCC_WARN_UNINITIALIZED_AUTOS = YES_AGGRESSIVE;
				GCC_WARN_UNUSED_FUNCTION = YES;
				GCC_WARN_UNUSED_VARIABLE = YES;
				IPHONEOS_DEPLOYMENT_TARGET = 17.0;
				LOCALIZATION_PREFERS_STRING_CATALOGS = YES;
				MTL_ENABLE_DEBUG_INFO = INCLUDE_SOURCE;
				MTL_FAST_MATH = YES;
				ONLY_ACTIVE_ARCH = YES;
				SDKROOT = iphoneos;
				SWIFT_ACTIVE_COMPILATION_CONDITIONS = "DEBUG $(inherited)";
				SWIFT_OPTIMIZATION_LEVEL = "-Onone";
			};
			name = Debug;
		};
		8CD7A30D2B456FF400233CCC /* Release */ = {
			isa = XCBuildConfiguration;
			buildSettings = {
				ALWAYS_SEARCH_USER_PATHS = NO;
				ASSETCATALOG_COMPILER_GENERATE_SWIFT_ASSET_SYMBOL_EXTENSIONS = YES;
				CLANG_ANALYZER_NONNULL = YES;
				CLANG_ANALYZER_NUMBER_OBJECT_CONVERSION = YES_AGGRESSIVE;
				CLANG_CXX_LANGUAGE_STANDARD = "gnu++20";
				CLANG_ENABLE_MODULES = YES;
				CLANG_ENABLE_OBJC_ARC = YES;
				CLANG_ENABLE_OBJC_WEAK = YES;
				CLANG_WARN_BLOCK_CAPTURE_AUTORELEASING = YES;
				CLANG_WARN_BOOL_CONVERSION = YES;
				CLANG_WARN_COMMA = YES;
				CLANG_WARN_CONSTANT_CONVERSION = YES;
				CLANG_WARN_DEPRECATED_OBJC_IMPLEMENTATIONS = YES;
				CLANG_WARN_DIRECT_OBJC_ISA_USAGE = YES_ERROR;
				CLANG_WARN_DOCUMENTATION_COMMENTS = YES;
				CLANG_WARN_EMPTY_BODY = YES;
				CLANG_WARN_ENUM_CONVERSION = YES;
				CLANG_WARN_INFINITE_RECURSION = YES;
				CLANG_WARN_INT_CONVERSION = YES;
				CLANG_WARN_NON_LITERAL_NULL_CONVERSION = YES;
				CLANG_WARN_OBJC_IMPLICIT_RETAIN_SELF = YES;
				CLANG_WARN_OBJC_LITERAL_CONVERSION = YES;
				CLANG_WARN_OBJC_ROOT_CLASS = YES_ERROR;
				CLANG_WARN_QUOTED_INCLUDE_IN_FRAMEWORK_HEADER = YES;
				CLANG_WARN_RANGE_LOOP_ANALYSIS = YES;
				CLANG_WARN_STRICT_PROTOTYPES = YES;
				CLANG_WARN_SUSPICIOUS_MOVE = YES;
				CLANG_WARN_UNGUARDED_AVAILABILITY = YES_AGGRESSIVE;
				CLANG_WARN_UNREACHABLE_CODE = YES;
				CLANG_WARN__DUPLICATE_METHOD_MATCH = YES;
				COPY_PHASE_STRIP = NO;
				DEBUG_INFORMATION_FORMAT = "dwarf-with-dsym";
				ENABLE_NS_ASSERTIONS = NO;
				ENABLE_STRICT_OBJC_MSGSEND = YES;
				ENABLE_USER_SCRIPT_SANDBOXING = YES;
				GCC_C_LANGUAGE_STANDARD = gnu17;
				GCC_NO_COMMON_BLOCKS = YES;
				GCC_WARN_64_TO_32_BIT_CONVERSION = YES;
				GCC_WARN_ABOUT_RETURN_TYPE = YES_ERROR;
				GCC_WARN_UNDECLARED_SELECTOR = YES;
				GCC_WARN_UNINITIALIZED_AUTOS = YES_AGGRESSIVE;
				GCC_WARN_UNUSED_FUNCTION = YES;
				GCC_WARN_UNUSED_VARIABLE = YES;
				IPHONEOS_DEPLOYMENT_TARGET = 17.0;
				LOCALIZATION_PREFERS_STRING_CATALOGS = YES;
				MTL_ENABLE_DEBUG_INFO = NO;
				MTL_FAST_MATH = YES;
				SDKROOT = iphoneos;
				SWIFT_COMPILATION_MODE = wholemodule;
				VALIDATE_PRODUCT = YES;
			};
			name = Release;
		};
		8CD7A30F2B456FF400233CCC /* Debug */ = {
			isa = XCBuildConfiguration;
			buildSettings = {
				ASSETCATALOG_COMPILER_APPICON_NAME = AppIcon;
				ASSETCATALOG_COMPILER_GLOBAL_ACCENT_COLOR_NAME = AccentColor;
				CODE_SIGN_STYLE = Automatic;
				CURRENT_PROJECT_VERSION = 1;
				GENERATE_INFOPLIST_FILE = YES;
				INFOPLIST_FILE = GithubFollowers/Info.plist;
				INFOPLIST_KEY_UIApplicationSupportsIndirectInputEvents = YES;
				INFOPLIST_KEY_UILaunchStoryboardName = LaunchScreen;
				INFOPLIST_KEY_UISupportedInterfaceOrientations = UIInterfaceOrientationPortrait;
				LD_RUNPATH_SEARCH_PATHS = (
					"$(inherited)",
					"@executable_path/Frameworks",
				);
				MARKETING_VERSION = 1.0;
				PRODUCT_BUNDLE_IDENTIFIER = carringtonmanyuchi.co.za.GithubFollowers;
				PRODUCT_NAME = "$(TARGET_NAME)";
				SWIFT_EMIT_LOC_STRINGS = YES;
				SWIFT_VERSION = 5.0;
				TARGETED_DEVICE_FAMILY = "1,2";
			};
			name = Debug;
		};
		8CD7A3102B456FF400233CCC /* Release */ = {
			isa = XCBuildConfiguration;
			buildSettings = {
				ASSETCATALOG_COMPILER_APPICON_NAME = AppIcon;
				ASSETCATALOG_COMPILER_GLOBAL_ACCENT_COLOR_NAME = AccentColor;
				CODE_SIGN_STYLE = Automatic;
				CURRENT_PROJECT_VERSION = 1;
				GENERATE_INFOPLIST_FILE = YES;
				INFOPLIST_FILE = GithubFollowers/Info.plist;
				INFOPLIST_KEY_UIApplicationSupportsIndirectInputEvents = YES;
				INFOPLIST_KEY_UILaunchStoryboardName = LaunchScreen;
				INFOPLIST_KEY_UISupportedInterfaceOrientations = UIInterfaceOrientationPortrait;
				LD_RUNPATH_SEARCH_PATHS = (
					"$(inherited)",
					"@executable_path/Frameworks",
				);
				MARKETING_VERSION = 1.0;
				PRODUCT_BUNDLE_IDENTIFIER = carringtonmanyuchi.co.za.GithubFollowers;
				PRODUCT_NAME = "$(TARGET_NAME)";
				SWIFT_EMIT_LOC_STRINGS = YES;
				SWIFT_VERSION = 5.0;
				TARGETED_DEVICE_FAMILY = "1,2";
			};
			name = Release;
		};
/* End XCBuildConfiguration section */

/* Begin XCConfigurationList section */
		8CD7A2F52B456FF200233CCC /* Build configuration list for PBXProject "GithubFollowers" */ = {
			isa = XCConfigurationList;
			buildConfigurations = (
				8CD7A30C2B456FF400233CCC /* Debug */,
				8CD7A30D2B456FF400233CCC /* Release */,
			);
			defaultConfigurationIsVisible = 0;
			defaultConfigurationName = Release;
		};
		8CD7A30E2B456FF400233CCC /* Build configuration list for PBXNativeTarget "GithubFollowers" */ = {
			isa = XCConfigurationList;
			buildConfigurations = (
				8CD7A30F2B456FF400233CCC /* Debug */,
				8CD7A3102B456FF400233CCC /* Release */,
			);
			defaultConfigurationIsVisible = 0;
			defaultConfigurationName = Release;
		};
/* End XCConfigurationList section */
	};
	rootObject = 8CD7A2F22B456FF200233CCC /* Project object */;
}
